
Microsoft Visual Studio Solution File, Format Version 12.00
# Visual Studio Version 17
VisualStudioVersion = 17.3.32922.545
MinimumVisualStudioVersion = 10.0.40219.1
Project("{9A19103F-16F7-4668-BE54-9A1E7A4F7556}") = "Sorted.RainfallApi", "Sorted.RainfallApi\Sorted.RainfallApi.csproj", "{4745EC58-263E-4824-82BF-44FDDF1AD98B}"
EndProject
Project("{9A19103F-16F7-4668-BE54-9A1E7A4F7556}") = "Sorted.RainfallApi.Infrastructure", "Sorted.RainfallApi.Infrastructure\Sorted.RainfallApi.Infrastructure.csproj", "{94FBC509-5DF2-4F16-9916-DBADCDA05BD3}"
EndProject
Project("{9A19103F-16F7-4668-BE54-9A1E7A4F7556}") = "Sorted.RainfallApi.Common", "Sorted.RainfallApi.Common\Sorted.RainfallApi.Common.csproj", "{0344053F-FFBF-42BB-AC36-E6827A9E5B6A}"
EndProject
Project("{9A19103F-16F7-4668-BE54-9A1E7A4F7556}") = "Sorted.RainfallApi.Core", "Sorted.RainfallApi.Core\Sorted.RainfallApi.Core.csproj", "{0C94A1FC-C321-481E-8FBD-32D1CBE7B6EE}"
EndProject
Global
	GlobalSection(SolutionConfigurationPlatforms) = preSolution
		Debug|Any CPU = Debug|Any CPU
		Release|Any CPU = Release|Any CPU
	EndGlobalSection
	GlobalSection(ProjectConfigurationPlatforms) = postSolution
		{4745EC58-263E-4824-82BF-44FDDF1AD98B}.Debug|Any CPU.ActiveCfg = Debug|Any CPU
		{4745EC58-263E-4824-82BF-44FDDF1AD98B}.Debug|Any CPU.Build.0 = Debug|Any CPU
		{4745EC58-263E-4824-82BF-44FDDF1AD98B}.Release|Any CPU.ActiveCfg = Release|Any CPU
		{4745EC58-263E-4824-82BF-44FDDF1AD98B}.Release|Any CPU.Build.0 = Release|Any CPU
		{94FBC509-5DF2-4F16-9916-DBADCDA05BD3}.Debug|Any CPU.ActiveCfg = Debug|Any CPU
		{94FBC509-5DF2-4F16-9916-DBADCDA05BD3}.Debug|Any CPU.Build.0 = Debug|Any CPU
		{94FBC509-5DF2-4F16-9916-DBADCDA05BD3}.Release|Any CPU.ActiveCfg = Release|Any CPU
		{94FBC509-5DF2-4F16-9916-DBADCDA05BD3}.Release|Any CPU.Build.0 = Release|Any CPU
		{0344053F-FFBF-42BB-AC36-E6827A9E5B6A}.Debug|Any CPU.ActiveCfg = Debug|Any CPU
		{0344053F-FFBF-42BB-AC36-E6827A9E5B6A}.Debug|Any CPU.Build.0 = Debug|Any CPU
		{0344053F-FFBF-42BB-AC36-E6827A9E5B6A}.Release|Any CPU.ActiveCfg = Release|Any CPU
		{0344053F-FFBF-42BB-AC36-E6827A9E5B6A}.Release|Any CPU.Build.0 = Release|Any CPU
		{0C94A1FC-C321-481E-8FBD-32D1CBE7B6EE}.Debug|Any CPU.ActiveCfg = Debug|Any CPU
		{0C94A1FC-C321-481E-8FBD-32D1CBE7B6EE}.Debug|Any CPU.Build.0 = Debug|Any CPU
		{0C94A1FC-C321-481E-8FBD-32D1CBE7B6EE}.Release|Any CPU.ActiveCfg = Release|Any CPU
		{0C94A1FC-C321-481E-8FBD-32D1CBE7B6EE}.Release|Any CPU.Build.0 = Release|Any CPU
	EndGlobalSection
	GlobalSection(SolutionProperties) = preSolution
		HideSolutionNode = FALSE
	EndGlobalSection
	GlobalSection(ExtensibilityGlobals) = postSolution
		SolutionGuid = {AD30CA16-DCAC-4CA6-85E6-BFCFA6B0C0C1}
	EndGlobalSection
EndGlobal
